{
  "version": 4,
  "terraform_version": "1.14.7",
  "serial": 652,
  "lineage": "eab1bbc6-76e0-cd6c-bda2-f01f85632ef2",
  "outputs": {
    "aws_instance_id": {
      "value": "i-0a6b7a6c1f24b9800",
      "type": "string"
    },
    "aws_instance_public_ip": {
      "value": "44.193.6.227",
      "type": "string"
    },
    "bucket_arn": {
      "value": "arn:aws:s3:::learn-aws-patch-manager-hybrid",
      "type": "string"
    },
    "bucket_domain_name": {
      "value": "learn-aws-patch-manager-hybrid.s3.amazonaws.com",
      "type": "string"
    },
    "bucket_name": {
      "value": "learn-aws-patch-manager-hybrid",
      "type": "string"
    },
    "nat_gateway_public_ip": {
      "value": "44.205.136.250",
      "type": "string"
    },
    "onpremise_instance_id": {
      "value": "i-0eb065a2169f4143c",
      "type": "string"
    },
    "onpremise_instance_private_ip": {
      "value": "172.16.2.127",
      "type": "string"
    },
    "transit_gateway_id": {
      "value": "tgw-08f4469f91cd0d7f8",
      "type": "string"
    }
  },
  "resources": [
    {
      "mode": "data",
      "type": "aws_ec2_transit_gateway_route_table",
      "name": "default",
      "provider": "provider[\"registry.terraform.io/hashicorp/aws\"]",
      "instances": [
        {
          "schema_version": 0,
          "attributes": {
            "arn": "arn:aws:ec2:us-east-1:233812220516:transit-gateway-route-table/tgw-rtb-05da1b80bacc7e2bc",
            "default_association_route_table": true,
            "default_propagation_route_table": true,
            "filter": [
              {
                "name": "default-association-route-table",
                "values": [
                  "true"
                ]
              },
              {
                "name": "transit-gateway-id",
                "values": [
                  "tgw-08f4469f91cd0d7f8"
                ]
              }
            ],
            "id": "tgw-rtb-05da1b80bacc7e2bc",
            "tags": {},
            "timeouts": null,
            "transit_gateway_id": "tgw-08f4469f91cd0d7f8"
          },
          "sensitive_attributes": [],
          "identity_schema_version": 0
        }
      ]
    },
    {
      "mode": "managed",
      "type": "aws_ec2_transit_gateway",
      "name": "main",
      "provider": "provider[\"registry.terraform.io/hashicorp/aws\"]",
      "instances": [
        {
          "schema_version": 0,
          "attributes": {
            "amazon_side_asn": 64512,
            "arn": "arn:aws:ec2:us-east-1:233812220516:transit-gateway/tgw-08f4469f91cd0d7f8",
            "association_default_route_table_id": "tgw-rtb-05da1b80bacc7e2bc",
            "auto_accept_shared_attachments": "disable",
            "default_route_table_association": "enable",
            "default_route_table_propagation": "enable",
            "description": "Transit Gateway for AWS and On-Premise VPC connectivity",
            "dns_support": "enable",
            "id": "tgw-08f4469f91cd0d7f8",
            "multicast_support": "disable",
            "owner_id": "233812220516",
            "propagation_default_route_table_id": "tgw-rtb-05da1b80bacc7e2bc",
            "security_group_referencing_support": "disable",
            "tags": {
              "Name": "tgw-aws-onpremise"
            },
            "tags_all": {
              "Name": "tgw-aws-onpremise"
            },
            "timeouts": null,
            "transit_gateway_cidr_blocks": [],
            "vpn_ecmp_support": "enable"
          },
          "sensitive_attributes": [],
          "identity_schema_version": 0,
          "private": "eyJlMmJmYjczMC1lY2FhLTExZTYtOGY4OC0zNDM2M2JjN2M0YzAiOnsiY3JlYXRlIjo2MDAwMDAwMDAwMDAsImRlbGV0ZSI6NjAwMDAwMDAwMDAwLCJ1cGRhdGUiOjYwMDAwMDAwMDAwMH19"
        }
      ]
    },
    {
      "mode": "managed",
      "type": "aws_ec2_transit_gateway_route",
      "name": "onpremise_to_internet",
      "provider": "provider[\"registry.terraform.io/hashicorp/aws\"]",
      "instances": [
        {
          "schema_version": 0,
          "attributes": {
            "blackhole": false,
            "destination_cidr_block": "0.0.0.0/0",
            "id": "tgw-rtb-05da1b80bacc7e2bc_0.0.0.0/0",
            "transit_gateway_attachment_id": "tgw-attach-06628ae4fad9fd634",
            "transit_gateway_route_table_id": "tgw-rtb-05da1b80bacc7e2bc"
          },
          "sensitive_attributes": [],
          "identity_schema_version": 0,
          "private": "bnVsbA==",
          "dependencies": [
            "aws_ec2_transit_gateway.main",
            "aws_ec2_transit_gateway_vpc_attachment.aws_vpc",
            "aws_subnet.terraform-private-subnet-aws",
            "aws_vpc.terraform-default-vpc-aws",
            "data.aws_ec2_transit_gateway_route_table.default"
          ]
        }
      ]
    },
    {
      "mode": "managed",
      "type": "aws_ec2_transit_gateway_vpc_attachment",
      "name": "aws_vpc",
      "provider": "provider[\"registry.terraform.io/hashicorp/aws\"]",
      "instances": [
        {
          "schema_version": 0,
          "attributes": {
            "appliance_mode_support": "disable",
            "arn": "arn:aws:ec2:us-east-1:233812220516:transit-gateway-attachment/tgw-attach-06628ae4fad9fd634",
            "dns_support": "enable",
            "id": "tgw-attach-06628ae4fad9fd634",
            "ipv6_support": "disable",
            "security_group_referencing_support": "enable",
            "subnet_ids": [
              "subnet-019b48f9709f4b4d6"
            ],
            "tags": {
              "Name": "tgw-attachment-aws-vpc"
            },
            "tags_all": {
              "Name": "tgw-attachment-aws-vpc"
            },
            "transit_gateway_default_route_table_association": true,
            "transit_gateway_default_route_table_propagation": true,
            "transit_gateway_id": "tgw-08f4469f91cd0d7f8",
            "vpc_id": "vpc-0ff72c0771b9f9a0b",
            "vpc_owner_id": "233812220516"
          },
          "sensitive_attributes": [],
          "identity_schema_version": 0,
          "private": "bnVsbA==",
          "dependencies": [
            "aws_ec2_transit_gateway.main",
            "aws_subnet.terraform-private-subnet-aws",
            "aws_vpc.terraform-default-vpc-aws"
          ]
        }
      ]
    },
    {
      "mode": "managed",
      "type": "aws_ec2_transit_gateway_vpc_attachment",
      "name": "onpremise_vpc",
      "provider": "provider[\"registry.terraform.io/hashicorp/aws\"]",
      "instances": [
        {
          "schema_version": 0,
          "attributes": {
            "appliance_mode_support": "disable",
            "arn": "arn:aws:ec2:us-east-1:233812220516:transit-gateway-attachment/tgw-attach-0c69e33abb11007ad",
            "dns_support": "enable",
            "id": "tgw-attach-0c69e33abb11007ad",
            "ipv6_support": "disable",
            "security_group_referencing_support": "enable",
            "subnet_ids": [
              "subnet-01cac8724f1642a31"
            ],
            "tags": {
              "Name": "tgw-attachment-onpremise-vpc"
            },
            "tags_all": {
              "Name": "tgw-attachment-onpremise-vpc"
            },
            "transit_gateway_default_route_table_association": true,
            "transit_gateway_default_route_table_propagation": true,
            "transit_gateway_id": "tgw-08f4469f91cd0d7f8",
            "vpc_id": "vpc-0cdf7c2ee40ee47e1",
            "vpc_owner_id": "233812220516"
          },
          "sensitive_attributes": [],
          "identity_schema_version": 0,
          "private": "bnVsbA==",
          "dependencies": [
            "aws_ec2_transit_gateway.main",
            "aws_subnet.terraform-private-subnet-onpremise",
            "aws_vpc.terraform-default-vpc-onpremise"
          ]
        }
      ]
    },
    {
      "mode": "managed",
      "type": "aws_eip",
      "name": "terraform-nat-eip",
      "provider": "provider[\"registry.terraform.io/hashicorp/aws\"]",
      "instances": [
        {
          "schema_version": 0,
          "attributes": {
            "address": null,
            "allocation_id": "eipalloc-0162b6b423a9d2edd",
            "arn": "arn:aws:ec2:us-east-1:233812220516:elastic-ip/eipalloc-0162b6b423a9d2edd",
            "associate_with_private_ip": null,
            "association_id": "eipassoc-061d1e23412cb560d",
            "carrier_ip": "",
            "customer_owned_ip": "",
            "customer_owned_ipv4_pool": "",
            "domain": "vpc",
            "id": "eipalloc-0162b6b423a9d2edd",
            "instance": "",
            "ipam_pool_id": null,
            "network_border_group": "us-east-1",
            "network_interface": "eni-07b052c4f4f167377",
            "private_dns": "ip-10-10-1-76.ec2.internal",
            "private_ip": "10.10.1.76",
            "ptr_record": "",
            "public_dns": "ec2-44-205-136-250.compute-1.amazonaws.com",
            "public_ip": "44.205.136.250",
            "public_ipv4_pool": "amazon",
            "tags": {
              "Name": "terraform-nat-eip-aws"
            },
            "tags_all": {
              "Name": "terraform-nat-eip-aws"
            },
            "timeouts": null,
            "vpc": true
          },
          "sensitive_attributes": [],
          "identity_schema_version": 0,
          "private": "eyJlMmJmYjczMC1lY2FhLTExZTYtOGY4OC0zNDM2M2JjN2M0YzAiOnsiZGVsZXRlIjoxODAwMDAwMDAwMDAsInJlYWQiOjkwMDAwMDAwMDAwMCwidXBkYXRlIjozMDAwMDAwMDAwMDB9fQ=="
        }
      ]
    },
    {
      "mode": "managed",
      "type": "aws_iam_instance_profile",
      "name": "ssm_instance_profile",
      "provider": "provider[\"registry.terraform.io/hashicorp/aws\"]",
      "instances": [
        {
          "schema_version": 0,
          "attributes": {
            "arn": "arn:aws:iam::233812220516:instance-profile/SSMInstanceProfile",
            "create_date": "2026-03-14T02:07:15Z",
            "id": "SSMInstanceProfile",
            "name": "SSMInstanceProfile",
            "name_prefix": "",
            "path": "/",
            "role": "SSMRoleForEC2",
            "tags": {
              "Name": "SSM-Instance-Profile"
            },
            "tags_all": {
              "Name": "SSM-Instance-Profile"
            },
            "unique_id": "AIPATM4CLLJSOTBFPCJPB"
          },
          "sensitive_attributes": [],
          "identity_schema_version": 0,
          "private": "bnVsbA==",
          "dependencies": [
            "aws_iam_role.ssm_role"
          ]
        }
      ]
    },
    {
      "mode": "managed",
      "type": "aws_iam_role",
      "name": "ssm_role",
      "provider": "provider[\"registry.terraform.io/hashicorp/aws\"]",
      "instances": [
        {
          "schema_version": 0,
          "attributes": {
            "arn": "arn:aws:iam::233812220516:role/SSMRoleForEC2",
            "assume_role_policy": "{\"Statement\":[{\"Action\":\"sts:AssumeRole\",\"Effect\":\"Allow\",\"Principal\":{\"Service\":\"ec2.amazonaws.com\"}}],\"Version\":\"2012-10-17\"}",
            "create_date": "2026-03-14T02:07:15Z",
            "description": "",
            "force_detach_policies": false,
            "id": "SSMRoleForEC2",
            "inline_policy": [],
            "managed_policy_arns": [
              "arn:aws:iam::aws:policy/AmazonSSMManagedInstanceCore"
            ],
            "max_session_duration": 3600,
            "name": "SSMRoleForEC2",
            "name_prefix": "",
            "path": "/",
            "permissions_boundary": "",
            "tags": {
              "Name": "SSM-Role-For-EC2"
            },
            "tags_all": {
              "Name": "SSM-Role-For-EC2"
            },
            "unique_id": "AROATM4CLLJSFKPXMYRHZ"
          },
          "sensitive_attributes": [],
          "identity_schema_version": 0,
          "private": "bnVsbA=="
        }
      ]
    },
    {
      "mode": "managed",
      "type": "aws_iam_role_policy_attachment",
      "name": "ssm_policy",
      "provider": "provider[\"registry.terraform.io/hashicorp/aws\"]",
      "instances": [
        {
          "schema_version": 0,
          "attributes": {
            "id": "SSMRoleForEC2-20260314020715837500000001",
            "policy_arn": "arn:aws:iam::aws:policy/AmazonSSMManagedInstanceCore",
            "role": "SSMRoleForEC2"
          },
          "sensitive_attributes": [],
          "identity_schema_version": 0,
          "private": "bnVsbA==",
          "dependencies": [
            "aws_iam_role.ssm_role"
          ]
        }
      ]
    },
    {
      "mode": "managed",
      "type": "aws_instance",
      "name": "dev-instance-windows-aws",
      "provider": "provider[\"registry.terraform.io/hashicorp/aws\"]",
      "instances": [
        {
          "schema_version": 1,
          "attributes": {
            "ami": "ami-0f73246b6299f4858",
            "arn": "arn:aws:ec2:us-east-1:233812220516:instance/i-0a6b7a6c1f24b9800",
            "associate_public_ip_address": true,
            "availability_zone": "us-east-1a",
            "capacity_reservation_specification": [
              {
                "capacity_reservation_preference": "open",
                "capacity_reservation_target": []
              }
            ],
            "cpu_core_count": 1,
            "cpu_options": [
              {
                "amd_sev_snp": "",
                "core_count": 1,
                "threads_per_core": 2
              }
            ],
            "cpu_threads_per_core": 2,
            "credit_specification": [
              {
                "cpu_credits": "unlimited"
              }
            ],
            "disable_api_stop": false,
            "disable_api_termination": false,
            "ebs_block_device": [],
            "ebs_optimized": false,
            "enable_primary_ipv6": null,
            "enclave_options": [
              {
                "enabled": false
              }
            ],
            "ephemeral_block_device": [],
            "get_password_data": false,
            "hibernation": false,
            "host_id": "",
            "host_resource_group_arn": null,
            "iam_instance_profile": "SSMInstanceProfile",
            "id": "i-0a6b7a6c1f24b9800",
            "instance_initiated_shutdown_behavior": "stop",
            "instance_lifecycle": "",
            "instance_market_options": [],
            "instance_state": "running",
            "instance_type": "t3.large",
            "ipv6_address_count": 0,
            "ipv6_addresses": [],
            "key_name": "",
            "launch_template": [],
            "maintenance_options": [
              {
                "auto_recovery": "default"
              }
            ],
            "metadata_options": [
              {
                "http_endpoint": "enabled",
                "http_protocol_ipv6": "disabled",
                "http_put_response_hop_limit": 1,
                "http_tokens": "optional",
                "instance_metadata_tags": "disabled"
              }
            ],
            "monitoring": false,
            "network_interface": [],
            "outpost_arn": "",
            "password_data": "",
            "placement_group": "",
            "placement_partition_number": 0,
            "primary_network_interface_id": "eni-0cf25ca9c7726be83",
            "private_dns": "ip-10-10-1-139.ec2.internal",
            "private_dns_name_options": [
              {
                "enable_resource_name_dns_a_record": false,
                "enable_resource_name_dns_aaaa_record": false,
                "hostname_type": "ip-name"
              }
            ],
            "private_ip": "10.10.1.139",
            "public_dns": "ec2-44-193-6-227.compute-1.amazonaws.com",
            "public_ip": "44.193.6.227",
            "root_block_device": [
              {
                "delete_on_termination": true,
                "device_name": "/dev/sda1",
                "encrypted": false,
                "iops": 100,
                "kms_key_id": "",
                "tags": {},
                "tags_all": {},
                "throughput": 0,
                "volume_id": "vol-0f013956249fe4103",
                "volume_size": 30,
                "volume_type": "gp2"
              }
            ],
            "secondary_private_ips": [],
            "security_groups": [],
            "source_dest_check": true,
            "spot_instance_request_id": "",
            "subnet_id": "subnet-0b48ef0e38acefbcd",
            "tags": {
              "Name": "dev-instance-windows-terraform-aws"
            },
            "tags_all": {
              "Name": "dev-instance-windows-terraform-aws"
            },
            "tenancy": "default",
            "timeouts": null,
            "user_data": "440a60bd9887cc9070faec325786d0105975c59a",
            "user_data_base64": null,
            "user_data_replace_on_change": false,
            "volume_tags": null,
            "vpc_security_group_ids": [
              "sg-0a2bf1f2ad0e1dacd"
            ]
          },
          "sensitive_attributes": [],
          "identity_schema_version": 0,
          "private": "eyJlMmJmYjczMC1lY2FhLTExZTYtOGY4OC0zNDM2M2JjN2M0YzAiOnsiY3JlYXRlIjo2MDAwMDAwMDAwMDAsImRlbGV0ZSI6MTIwMDAwMDAwMDAwMCwicmVhZCI6OTAwMDAwMDAwMDAwLCJ1cGRhdGUiOjYwMDAwMDAwMDAwMH0sInNjaGVtYV92ZXJzaW9uIjoiMSJ9",
          "dependencies": [
            "aws_iam_instance_profile.ssm_instance_profile",
            "aws_iam_role.ssm_role",
            "aws_security_group.terraform-public-facing-db-sg-aws",
            "aws_subnet.terraform-public-subnet-aws",
            "aws_vpc.terraform-default-vpc-aws",
            "aws_vpc.terraform-default-vpc-onpremise"
          ]
        }
      ]
    },
    {
      "mode": "managed",
      "type": "aws_instance",
      "name": "dev-instance-windows-onpremise",
      "provider": "provider[\"registry.terraform.io/hashicorp/aws\"]",
      "instances": [
        {
          "schema_version": 1,
          "attributes": {
            "ami": "ami-0f73246b6299f4858",
            "arn": "arn:aws:ec2:us-east-1:233812220516:instance/i-0eb065a2169f4143c",
            "associate_public_ip_address": false,
            "availability_zone": "us-east-1b",
            "capacity_reservation_specification": [
              {
                "capacity_reservation_preference": "open",
                "capacity_reservation_target": []
              }
            ],
            "cpu_core_count": 1,
            "cpu_options": [
              {
                "amd_sev_snp": "",
                "core_count": 1,
                "threads_per_core": 2
              }
            ],
            "cpu_threads_per_core": 2,
            "credit_specification": [
              {
                "cpu_credits": "unlimited"
              }
            ],
            "disable_api_stop": false,
            "disable_api_termination": false,
            "ebs_block_device": [],
            "ebs_optimized": false,
            "enable_primary_ipv6": null,
            "enclave_options": [
              {
                "enabled": false
              }
            ],
            "ephemeral_block_device": [],
            "get_password_data": false,
            "hibernation": false,
            "host_id": "",
            "host_resource_group_arn": null,
            "iam_instance_profile": "",
            "id": "i-0eb065a2169f4143c",
            "instance_initiated_shutdown_behavior": "stop",
            "instance_lifecycle": "",
            "instance_market_options": [],
            "instance_state": "running",
            "instance_type": "t3.large",
            "ipv6_address_count": 0,
            "ipv6_addresses": [],
            "key_name": "",
            "launch_template": [],
            "maintenance_options": [
              {
                "auto_recovery": "default"
              }
            ],
            "metadata_options": [
              {
                "http_endpoint": "enabled",
                "http_protocol_ipv6": "disabled",
                "http_put_response_hop_limit": 1,
                "http_tokens": "optional",
                "instance_metadata_tags": "disabled"
              }
            ],
            "monitoring": false,
            "network_interface": [],
            "outpost_arn": "",
            "password_data": "",
            "placement_group": "",
            "placement_partition_number": 0,
            "primary_network_interface_id": "eni-04bfdff9f9dee535e",
            "private_dns": "ip-172-16-2-127.ec2.internal",
            "private_dns_name_options": [
              {
                "enable_resource_name_dns_a_record": false,
                "enable_resource_name_dns_aaaa_record": false,
                "hostname_type": "ip-name"
              }
            ],
            "private_ip": "172.16.2.127",
            "public_dns": "",
            "public_ip": "",
            "root_block_device": [
              {
                "delete_on_termination": true,
                "device_name": "/dev/sda1",
                "encrypted": false,
                "iops": 100,
                "kms_key_id": "",
                "tags": {},
                "tags_all": {},
                "throughput": 0,
                "volume_id": "vol-09435116e6e73a07e",
                "volume_size": 30,
                "volume_type": "gp2"
              }
            ],
            "secondary_private_ips": [],
            "security_groups": [],
            "source_dest_check": true,
            "spot_instance_request_id": "",
            "subnet_id": "subnet-01cac8724f1642a31",
            "tags": {
              "Name": "dev-instance-windows-terraform-onpremise"
            },
            "tags_all": {
              "Name": "dev-instance-windows-terraform-onpremise"
            },
            "tenancy": "default",
            "timeouts": null,
            "user_data": "d407475e34b82c2698b5163cf42c93e1a7207dd7",
            "user_data_base64": null,
            "user_data_replace_on_change": false,
            "volume_tags": null,
            "vpc_security_group_ids": [
              "sg-09f7b38bc7ae2b988"
            ]
          },
          "sensitive_attributes": [],
          "identity_schema_version": 0,
          "private": "eyJlMmJmYjczMC1lY2FhLTExZTYtOGY4OC0zNDM2M2JjN2M0YzAiOnsiY3JlYXRlIjo2MDAwMDAwMDAwMDAsImRlbGV0ZSI6MTIwMDAwMDAwMDAwMCwicmVhZCI6OTAwMDAwMDAwMDAwLCJ1cGRhdGUiOjYwMDAwMDAwMDAwMH0sInNjaGVtYV92ZXJzaW9uIjoiMSJ9",
          "dependencies": [
            "aws_security_group.terraform-db-sg-onpremise",
            "aws_subnet.terraform-private-subnet-onpremise",
            "aws_vpc.terraform-default-vpc-aws",
            "aws_vpc.terraform-default-vpc-onpremise"
          ]
        }
      ]
    },
    {
      "mode": "managed",
      "type": "aws_internet_gateway",
      "name": "terraform-default-igw-aws",
      "provider": "provider[\"registry.terraform.io/hashicorp/aws\"]",
      "instances": [
        {
          "schema_version": 0,
          "attributes": {
            "arn": "arn:aws:ec2:us-east-1:233812220516:internet-gateway/igw-0b7b727d9adf48e39",
            "id": "igw-0b7b727d9adf48e39",
            "owner_id": "233812220516",
            "tags": {
              "Name": "terraform-igw-aws"
            },
            "tags_all": {
              "Name": "terraform-igw-aws"
            },
            "timeouts": null,
            "vpc_id": "vpc-0ff72c0771b9f9a0b"
          },
          "sensitive_attributes": [],
          "identity_schema_version": 0,
          "private": "eyJlMmJmYjczMC1lY2FhLTExZTYtOGY4OC0zNDM2M2JjN2M0YzAiOnsiY3JlYXRlIjoxMjAwMDAwMDAwMDAwLCJkZWxldGUiOjEyMDAwMDAwMDAwMDAsInVwZGF0ZSI6MTIwMDAwMDAwMDAwMH19",
          "dependencies": [
            "aws_vpc.terraform-default-vpc-aws"
          ]
        }
      ]
    },
    {
      "mode": "managed",
      "type": "aws_nat_gateway",
      "name": "terraform-ngw-aws",
      "provider": "provider[\"registry.terraform.io/hashicorp/aws\"]",
      "instances": [
        {
          "schema_version": 0,
          "attributes": {
            "allocation_id": "eipalloc-0162b6b423a9d2edd",
            "association_id": "eipassoc-061d1e23412cb560d",
            "connectivity_type": "public",
            "id": "nat-00e7a17d6ea665132",
            "network_interface_id": "eni-07b052c4f4f167377",
            "private_ip": "10.10.1.76",
            "public_ip": "44.205.136.250",
            "secondary_allocation_ids": [],
            "secondary_private_ip_address_count": 0,
            "secondary_private_ip_addresses": [],
            "subnet_id": "subnet-0b48ef0e38acefbcd",
            "tags": {
              "Name": "terraform-nat-gateway-aws"
            },
            "tags_all": {
              "Name": "terraform-nat-gateway-aws"
            },
            "timeouts": null
          },
          "sensitive_attributes": [],
          "identity_schema_version": 0,
          "private": "eyJlMmJmYjczMC1lY2FhLTExZTYtOGY4OC0zNDM2M2JjN2M0YzAiOnsiY3JlYXRlIjo2MDAwMDAwMDAwMDAsImRlbGV0ZSI6MTgwMDAwMDAwMDAwMCwidXBkYXRlIjo2MDAwMDAwMDAwMDB9fQ==",
          "dependencies": [
            "aws_eip.terraform-nat-eip",
            "aws_internet_gateway.terraform-default-igw-aws",
            "aws_subnet.terraform-public-subnet-aws",
            "aws_vpc.terraform-default-vpc-aws"
          ]
        }
      ]
    },
    {
      "mode": "managed",
      "type": "aws_route_table",
      "name": "terraform-private-route-table-aws",
      "provider": "provider[\"registry.terraform.io/hashicorp/aws\"]",
      "instances": [
        {
          "schema_version": 0,
          "attributes": {
            "arn": "arn:aws:ec2:us-east-1:233812220516:route-table/rtb-0e255fbe376f681cc",
            "id": "rtb-0e255fbe376f681cc",
            "owner_id": "233812220516",
            "propagating_vgws": [],
            "route": [
              {
                "carrier_gateway_id": "",
                "cidr_block": "0.0.0.0/0",
                "core_network_arn": "",
                "destination_prefix_list_id": "",
                "egress_only_gateway_id": "",
                "gateway_id": "",
                "ipv6_cidr_block": "",
                "local_gateway_id": "",
                "nat_gateway_id": "nat-00e7a17d6ea665132",
                "network_interface_id": "",
                "transit_gateway_id": "",
                "vpc_endpoint_id": "",
                "vpc_peering_connection_id": ""
              },
              {
                "carrier_gateway_id": "",
                "cidr_block": "172.16.0.0/16",
                "core_network_arn": "",
                "destination_prefix_list_id": "",
                "egress_only_gateway_id": "",
                "gateway_id": "",
                "ipv6_cidr_block": "",
                "local_gateway_id": "",
                "nat_gateway_id": "",
                "network_interface_id": "",
                "transit_gateway_id": "tgw-08f4469f91cd0d7f8",
                "vpc_endpoint_id": "",
                "vpc_peering_connection_id": ""
              }
            ],
            "tags": {
              "Name": "terraform-private-route-table-aws"
            },
            "tags_all": {
              "Name": "terraform-private-route-table-aws"
            },
            "timeouts": null,
            "vpc_id": "vpc-0ff72c0771b9f9a0b"
          },
          "sensitive_attributes": [],
          "identity_schema_version": 0,
          "private": "eyJlMmJmYjczMC1lY2FhLTExZTYtOGY4OC0zNDM2M2JjN2M0YzAiOnsiY3JlYXRlIjozMDAwMDAwMDAwMDAsImRlbGV0ZSI6MzAwMDAwMDAwMDAwLCJ1cGRhdGUiOjEyMDAwMDAwMDAwMH19",
          "dependencies": [
            "aws_ec2_transit_gateway.main",
            "aws_ec2_transit_gateway_vpc_attachment.aws_vpc",
            "aws_ec2_transit_gateway_vpc_attachment.onpremise_vpc",
            "aws_eip.terraform-nat-eip",
            "aws_internet_gateway.terraform-default-igw-aws",
            "aws_nat_gateway.terraform-ngw-aws",
            "aws_subnet.terraform-private-subnet-aws",
            "aws_subnet.terraform-private-subnet-onpremise",
            "aws_subnet.terraform-public-subnet-aws",
            "aws_vpc.terraform-default-vpc-aws",
            "aws_vpc.terraform-default-vpc-onpremise"
          ]
        }
      ]
    },
    {
      "mode": "managed",
      "type": "aws_route_table",
      "name": "terraform-private-route-table-onpremise",
      "provider": "provider[\"registry.terraform.io/hashicorp/aws\"]",
      "instances": [
        {
          "schema_version": 0,
          "attributes": {
            "arn": "arn:aws:ec2:us-east-1:233812220516:route-table/rtb-03f53040a171e05ae",
            "id": "rtb-03f53040a171e05ae",
            "owner_id": "233812220516",
            "propagating_vgws": [],
            "route": [
              {
                "carrier_gateway_id": "",
                "cidr_block": "0.0.0.0/0",
                "core_network_arn": "",
                "destination_prefix_list_id": "",
                "egress_only_gateway_id": "",
                "gateway_id": "",
                "ipv6_cidr_block": "",
                "local_gateway_id": "",
                "nat_gateway_id": "",
                "network_interface_id": "",
                "transit_gateway_id": "tgw-08f4469f91cd0d7f8",
                "vpc_endpoint_id": "",
                "vpc_peering_connection_id": ""
              }
            ],
            "tags": {
              "Name": "terraform-private-route-table-onpremise"
            },
            "tags_all": {
              "Name": "terraform-private-route-table-onpremise"
            },
            "timeouts": null,
            "vpc_id": "vpc-0cdf7c2ee40ee47e1"
          },
          "sensitive_attributes": [],
          "identity_schema_version": 0,
          "private": "eyJlMmJmYjczMC1lY2FhLTExZTYtOGY4OC0zNDM2M2JjN2M0YzAiOnsiY3JlYXRlIjozMDAwMDAwMDAwMDAsImRlbGV0ZSI6MzAwMDAwMDAwMDAwLCJ1cGRhdGUiOjEyMDAwMDAwMDAwMH19",
          "dependencies": [
            "aws_ec2_transit_gateway.main",
            "aws_ec2_transit_gateway_vpc_attachment.aws_vpc",
            "aws_ec2_transit_gateway_vpc_attachment.onpremise_vpc",
            "aws_subnet.terraform-private-subnet-aws",
            "aws_subnet.terraform-private-subnet-onpremise",
            "aws_vpc.terraform-default-vpc-aws",
            "aws_vpc.terraform-default-vpc-onpremise"
          ]
        }
      ]
    },
    {
      "mode": "managed",
      "type": "aws_route_table",
      "name": "terraform-public-route-table-aws",
      "provider": "provider[\"registry.terraform.io/hashicorp/aws\"]",
      "instances": [
        {
          "schema_version": 0,
          "attributes": {
            "arn": "arn:aws:ec2:us-east-1:233812220516:route-table/rtb-06bc42a4cc4730407",
            "id": "rtb-06bc42a4cc4730407",
            "owner_id": "233812220516",
            "propagating_vgws": [],
            "route": [
              {
                "carrier_gateway_id": "",
                "cidr_block": "0.0.0.0/0",
                "core_network_arn": "",
                "destination_prefix_list_id": "",
                "egress_only_gateway_id": "",
                "gateway_id": "igw-0b7b727d9adf48e39",
                "ipv6_cidr_block": "",
                "local_gateway_id": "",
                "nat_gateway_id": "",
                "network_interface_id": "",
                "transit_gateway_id": "",
                "vpc_endpoint_id": "",
                "vpc_peering_connection_id": ""
              },
              {
                "carrier_gateway_id": "",
                "cidr_block": "172.16.0.0/16",
                "core_network_arn": "",
                "destination_prefix_list_id": "",
                "egress_only_gateway_id": "",
                "gateway_id": "",
                "ipv6_cidr_block": "",
                "local_gateway_id": "",
                "nat_gateway_id": "",
                "network_interface_id": "",
                "transit_gateway_id": "tgw-08f4469f91cd0d7f8",
                "vpc_endpoint_id": "",
                "vpc_peering_connection_id": ""
              }
            ],
            "tags": {
              "Name": "terraform-public-route-table-aws"
            },
            "tags_all": {
              "Name": "terraform-public-route-table-aws"
            },
            "timeouts": null,
            "vpc_id": "vpc-0ff72c0771b9f9a0b"
          },
          "sensitive_attributes": [],
          "identity_schema_version": 0,
          "private": "eyJlMmJmYjczMC1lY2FhLTExZTYtOGY4OC0zNDM2M2JjN2M0YzAiOnsiY3JlYXRlIjozMDAwMDAwMDAwMDAsImRlbGV0ZSI6MzAwMDAwMDAwMDAwLCJ1cGRhdGUiOjEyMDAwMDAwMDAwMH19",
          "dependencies": [
            "aws_ec2_transit_gateway.main",
            "aws_ec2_transit_gateway_vpc_attachment.aws_vpc",
            "aws_ec2_transit_gateway_vpc_attachment.onpremise_vpc",
            "aws_internet_gateway.terraform-default-igw-aws",
            "aws_subnet.terraform-private-subnet-aws",
            "aws_subnet.terraform-private-subnet-onpremise",
            "aws_vpc.terraform-default-vpc-aws",
            "aws_vpc.terraform-default-vpc-onpremise"
          ]
        }
      ]
    },
    {
      "mode": "managed",
      "type": "aws_route_table",
      "name": "terraform-public-route-table-onpremise",
      "provider": "provider[\"registry.terraform.io/hashicorp/aws\"]",
      "instances": [
        {
          "schema_version": 0,
          "attributes": {
            "arn": "arn:aws:ec2:us-east-1:233812220516:route-table/rtb-043ffa87fa7287304",
            "id": "rtb-043ffa87fa7287304",
            "owner_id": "233812220516",
            "propagating_vgws": [],
            "route": [
              {
                "carrier_gateway_id": "",
                "cidr_block": "0.0.0.0/0",
                "core_network_arn": "",
                "destination_prefix_list_id": "",
                "egress_only_gateway_id": "",
                "gateway_id": "",
                "ipv6_cidr_block": "",
                "local_gateway_id": "",
                "nat_gateway_id": "",
                "network_interface_id": "",
                "transit_gateway_id": "tgw-08f4469f91cd0d7f8",
                "vpc_endpoint_id": "",
                "vpc_peering_connection_id": ""
              }
            ],
            "tags": {
              "Name": "terraform-public-route-table-onpremise"
            },
            "tags_all": {
              "Name": "terraform-public-route-table-onpremise"
            },
            "timeouts": null,
            "vpc_id": "vpc-0cdf7c2ee40ee47e1"
          },
          "sensitive_attributes": [],
          "identity_schema_version": 0,
          "private": "eyJlMmJmYjczMC1lY2FhLTExZTYtOGY4OC0zNDM2M2JjN2M0YzAiOnsiY3JlYXRlIjozMDAwMDAwMDAwMDAsImRlbGV0ZSI6MzAwMDAwMDAwMDAwLCJ1cGRhdGUiOjEyMDAwMDAwMDAwMH19",
          "dependencies": [
            "aws_ec2_transit_gateway.main",
            "aws_ec2_transit_gateway_vpc_attachment.aws_vpc",
            "aws_ec2_transit_gateway_vpc_attachment.onpremise_vpc",
            "aws_subnet.terraform-private-subnet-aws",
            "aws_subnet.terraform-private-subnet-onpremise",
            "aws_vpc.terraform-default-vpc-aws",
            "aws_vpc.terraform-default-vpc-onpremise"
          ]
        }
      ]
    },
    {
      "mode": "managed",
      "type": "aws_route_table_association",
      "name": "private-subnet-rt-association-aws",
      "provider": "provider[\"registry.terraform.io/hashicorp/aws\"]",
      "instances": [
        {
          "schema_version": 0,
          "attributes": {
            "gateway_id": "",
            "id": "rtbassoc-0c2f637f91ba72974",
            "route_table_id": "rtb-0e255fbe376f681cc",
            "subnet_id": "subnet-019b48f9709f4b4d6",
            "timeouts": null
          },
          "sensitive_attributes": [],
          "identity_schema_version": 0,
          "private": "eyJlMmJmYjczMC1lY2FhLTExZTYtOGY4OC0zNDM2M2JjN2M0YzAiOnsiY3JlYXRlIjozMDAwMDAwMDAwMDAsImRlbGV0ZSI6MzAwMDAwMDAwMDAwLCJ1cGRhdGUiOjEyMDAwMDAwMDAwMH19",
          "dependencies": [
            "aws_ec2_transit_gateway.main",
            "aws_ec2_transit_gateway_vpc_attachment.aws_vpc",
            "aws_ec2_transit_gateway_vpc_attachment.onpremise_vpc",
            "aws_eip.terraform-nat-eip",
            "aws_internet_gateway.terraform-default-igw-aws",
            "aws_nat_gateway.terraform-ngw-aws",
            "aws_route_table.terraform-private-route-table-aws",
            "aws_subnet.terraform-private-subnet-aws",
            "aws_subnet.terraform-private-subnet-onpremise",
            "aws_subnet.terraform-public-subnet-aws",
            "aws_vpc.terraform-default-vpc-aws",
            "aws_vpc.terraform-default-vpc-onpremise"
          ]
        }
      ]
    },
    {
      "mode": "managed",
      "type": "aws_route_table_association",
      "name": "private-subnet-rt-association-onpremise",
      "provider": "provider[\"registry.terraform.io/hashicorp/aws\"]",
      "instances": [
        {
          "schema_version": 0,
          "attributes": {
            "gateway_id": "",
            "id": "rtbassoc-078a9fb7b35de3262",
            "route_table_id": "rtb-03f53040a171e05ae",
            "subnet_id": "subnet-01cac8724f1642a31",
            "timeouts": null
          },
          "sensitive_attributes": [],
          "identity_schema_version": 0,
          "private": "eyJlMmJmYjczMC1lY2FhLTExZTYtOGY4OC0zNDM2M2JjN2M0YzAiOnsiY3JlYXRlIjozMDAwMDAwMDAwMDAsImRlbGV0ZSI6MzAwMDAwMDAwMDAwLCJ1cGRhdGUiOjEyMDAwMDAwMDAwMH19",
          "dependencies": [
            "aws_ec2_transit_gateway.main",
            "aws_ec2_transit_gateway_vpc_attachment.aws_vpc",
            "aws_ec2_transit_gateway_vpc_attachment.onpremise_vpc",
            "aws_route_table.terraform-private-route-table-onpremise",
            "aws_subnet.terraform-private-subnet-aws",
            "aws_subnet.terraform-private-subnet-onpremise",
            "aws_vpc.terraform-default-vpc-aws",
            "aws_vpc.terraform-default-vpc-onpremise"
          ]
        }
      ]
    },
    {
      "mode": "managed",
      "type": "aws_route_table_association",
      "name": "public-subnet-rt-association-aws",
      "provider": "provider[\"registry.terraform.io/hashicorp/aws\"]",
      "instances": [
        {
          "schema_version": 0,
          "attributes": {
            "gateway_id": "",
            "id": "rtbassoc-0c50b5efe4b6ce947",
            "route_table_id": "rtb-06bc42a4cc4730407",
            "subnet_id": "subnet-0b48ef0e38acefbcd",
            "timeouts": null
          },
          "sensitive_attributes": [],
          "identity_schema_version": 0,
          "private": "eyJlMmJmYjczMC1lY2FhLTExZTYtOGY4OC0zNDM2M2JjN2M0YzAiOnsiY3JlYXRlIjozMDAwMDAwMDAwMDAsImRlbGV0ZSI6MzAwMDAwMDAwMDAwLCJ1cGRhdGUiOjEyMDAwMDAwMDAwMH19",
          "dependencies": [
            "aws_ec2_transit_gateway.main",
            "aws_ec2_transit_gateway_vpc_attachment.aws_vpc",
            "aws_ec2_transit_gateway_vpc_attachment.onpremise_vpc",
            "aws_internet_gateway.terraform-default-igw-aws",
            "aws_route_table.terraform-public-route-table-aws",
            "aws_subnet.terraform-private-subnet-aws",
            "aws_subnet.terraform-private-subnet-onpremise",
            "aws_subnet.terraform-public-subnet-aws",
            "aws_vpc.terraform-default-vpc-aws",
            "aws_vpc.terraform-default-vpc-onpremise"
          ]
        }
      ]
    },
    {
      "mode": "managed",
      "type": "aws_route_table_association",
      "name": "public-subnet-rt-association-onpremise",
      "provider": "provider[\"registry.terraform.io/hashicorp/aws\"]",
      "instances": [
        {
          "schema_version": 0,
          "attributes": {
            "gateway_id": "",
            "id": "rtbassoc-0ed6729286ed82b11",
            "route_table_id": "rtb-043ffa87fa7287304",
            "subnet_id": "subnet-05afe734bdb34d5dc",
            "timeouts": null
          },
          "sensitive_attributes": [],
          "identity_schema_version": 0,
          "private": "eyJlMmJmYjczMC1lY2FhLTExZTYtOGY4OC0zNDM2M2JjN2M0YzAiOnsiY3JlYXRlIjozMDAwMDAwMDAwMDAsImRlbGV0ZSI6MzAwMDAwMDAwMDAwLCJ1cGRhdGUiOjEyMDAwMDAwMDAwMH19",
          "dependencies": [
            "aws_ec2_transit_gateway.main",
            "aws_ec2_transit_gateway_vpc_attachment.aws_vpc",
            "aws_ec2_transit_gateway_vpc_attachment.onpremise_vpc",
            "aws_route_table.terraform-public-route-table-onpremise",
            "aws_subnet.terraform-private-subnet-aws",
            "aws_subnet.terraform-private-subnet-onpremise",
            "aws_subnet.terraform-public-subnet-onpremise",
            "aws_vpc.terraform-default-vpc-aws",
            "aws_vpc.terraform-default-vpc-onpremise"
          ]
        }
      ]
    },
    {
      "mode": "managed",
      "type": "aws_s3_bucket",
      "name": "patch_manager_bucket",
      "provider": "provider[\"registry.terraform.io/hashicorp/aws\"]",
      "instances": [
        {
          "schema_version": 0,
          "attributes": {
            "acceleration_status": "",
            "acl": null,
            "arn": "arn:aws:s3:::learn-aws-patch-manager-hybrid",
            "bucket": "learn-aws-patch-manager-hybrid",
            "bucket_domain_name": "learn-aws-patch-manager-hybrid.s3.amazonaws.com",
            "bucket_prefix": "",
            "bucket_regional_domain_name": "learn-aws-patch-manager-hybrid.s3.us-east-1.amazonaws.com",
            "cors_rule": [],
            "force_destroy": false,
            "grant": [
              {
                "id": "074698fc92cb633a55fcf0bb62f1464ca6b2cab56a20d8bc4ce49de679756357",
                "permissions": [
                  "FULL_CONTROL"
                ],
                "type": "CanonicalUser",
                "uri": ""
              }
            ],
            "hosted_zone_id": "Z3AQBSTGFYJSTF",
            "id": "learn-aws-patch-manager-hybrid",
            "lifecycle_rule": [],
            "logging": [],
            "object_lock_configuration": [],
            "object_lock_enabled": false,
            "policy": "{\"Statement\":[{\"Action\":[\"s3:GetObject\",\"s3:PutObject\",\"s3:ListBucket\"],\"Effect\":\"Allow\",\"Principal\":{\"AWS\":\"arn:aws:iam::233812220516:role/SSMRoleForEC2\"},\"Resource\":[\"arn:aws:s3:::learn-aws-patch-manager-hybrid\",\"arn:aws:s3:::learn-aws-patch-manager-hybrid/*\"]}],\"Version\":\"2012-10-17\"}",
            "region": "us-east-1",
            "replication_configuration": [],
            "request_payer": "BucketOwner",
            "server_side_encryption_configuration": [
              {
                "rule": [
                  {
                    "apply_server_side_encryption_by_default": [
                      {
                        "kms_master_key_id": "",
                        "sse_algorithm": "AES256"
                      }
                    ],
                    "bucket_key_enabled": false
                  }
                ]
              }
            ],
            "tags": {},
            "tags_all": {},
            "timeouts": null,
            "versioning": [
              {
                "enabled": false,
                "mfa_delete": false
              }
            ],
            "website": [],
            "website_domain": null,
            "website_endpoint": null
          },
          "sensitive_attributes": [],
          "identity_schema_version": 0,
          "private": "eyJlMmJmYjczMC1lY2FhLTExZTYtOGY4OC0zNDM2M2JjN2M0YzAiOnsiY3JlYXRlIjoxMjAwMDAwMDAwMDAwLCJkZWxldGUiOjM2MDAwMDAwMDAwMDAsInJlYWQiOjEyMDAwMDAwMDAwMDAsInVwZGF0ZSI6MTIwMDAwMDAwMDAwMH19"
        }
      ]
    },
    {
      "mode": "managed",
      "type": "aws_s3_bucket_policy",
      "name": "patch_manager_policy",
      "provider": "provider[\"registry.terraform.io/hashicorp/aws\"]",
      "instances": [
        {
          "schema_version": 0,
          "attributes": {
            "bucket": "learn-aws-patch-manager-hybrid",
            "id": "learn-aws-patch-manager-hybrid",
            "policy": "{\"Statement\":[{\"Action\":[\"s3:GetObject\",\"s3:PutObject\",\"s3:ListBucket\"],\"Effect\":\"Allow\",\"Principal\":{\"AWS\":\"arn:aws:iam::233812220516:role/SSMRoleForEC2\"},\"Resource\":[\"arn:aws:s3:::learn-aws-patch-manager-hybrid\",\"arn:aws:s3:::learn-aws-patch-manager-hybrid/*\"]}],\"Version\":\"2012-10-17\"}"
          },
          "sensitive_attributes": [],
          "identity_schema_version": 0,
          "private": "bnVsbA==",
          "dependencies": [
            "aws_iam_role.ssm_role",
            "aws_s3_bucket.patch_manager_bucket"
          ]
        }
      ]
    },
    {
      "mode": "managed",
      "type": "aws_s3_bucket_public_access_block",
      "name": "patch_manager_pab",
      "provider": "provider[\"registry.terraform.io/hashicorp/aws\"]",
      "instances": [
        {
          "schema_version": 0,
          "attributes": {
            "block_public_acls": true,
            "block_public_policy": true,
            "bucket": "learn-aws-patch-manager-hybrid",
            "id": "learn-aws-patch-manager-hybrid",
            "ignore_public_acls": true,
            "restrict_public_buckets": true
          },
          "sensitive_attributes": [],
          "identity_schema_version": 0,
          "private": "bnVsbA==",
          "dependencies": [
            "aws_s3_bucket.patch_manager_bucket"
          ]
        }
      ]
    },
    {
      "mode": "managed",
      "type": "aws_s3_bucket_server_side_encryption_configuration",
      "name": "patch_manager_encryption",
      "provider": "provider[\"registry.terraform.io/hashicorp/aws\"]",
      "instances": [
        {
          "schema_version": 0,
          "attributes": {
            "bucket": "learn-aws-patch-manager-hybrid",
            "expected_bucket_owner": "",
            "id": "learn-aws-patch-manager-hybrid",
            "rule": [
              {
                "apply_server_side_encryption_by_default": [
                  {
                    "kms_master_key_id": "",
                    "sse_algorithm": "AES256"
                  }
                ],
                "bucket_key_enabled": false
              }
            ]
          },
          "sensitive_attributes": [],
          "identity_schema_version": 0,
          "private": "bnVsbA==",
          "dependencies": [
            "aws_s3_bucket.patch_manager_bucket"
          ]
        }
      ]
    },
    {
      "mode": "managed",
      "type": "aws_security_group",
      "name": "terraform-db-sg-aws",
      "provider": "provider[\"registry.terraform.io/hashicorp/aws\"]",
      "instances": [
        {
          "schema_version": 1,
          "attributes": {
            "arn": "arn:aws:ec2:us-east-1:233812220516:security-group/sg-031374058a981d213",
            "description": "Managed by Terraform",
            "egress": [
              {
                "cidr_blocks": [
                  "0.0.0.0/0"
                ],
                "description": "",
                "from_port": 0,
                "ipv6_cidr_blocks": [],
                "prefix_list_ids": [],
                "protocol": "-1",
                "security_groups": [],
                "self": false,
                "to_port": 0
              }
            ],
            "id": "sg-031374058a981d213",
            "ingress": [
              {
                "cidr_blocks": [
                  "0.0.0.0/0"
                ],
                "description": "",
                "from_port": 0,
                "ipv6_cidr_blocks": [],
                "prefix_list_ids": [],
                "protocol": "-1",
                "security_groups": [],
                "self": false,
                "to_port": 0
              }
            ],
            "name": "private-facing-db-sg-aws",
            "name_prefix": "",
            "owner_id": "233812220516",
            "revoke_rules_on_delete": false,
            "tags": {
              "Name": "terraform-private-facing-db-sg-aws"
            },
            "tags_all": {
              "Name": "terraform-private-facing-db-sg-aws"
            },
            "timeouts": null,
            "vpc_id": "vpc-0ff72c0771b9f9a0b"
          },
          "sensitive_attributes": [],
          "identity_schema_version": 0,
          "private": "eyJlMmJmYjczMC1lY2FhLTExZTYtOGY4OC0zNDM2M2JjN2M0YzAiOnsiY3JlYXRlIjo2MDAwMDAwMDAwMDAsImRlbGV0ZSI6OTAwMDAwMDAwMDAwfSwic2NoZW1hX3ZlcnNpb24iOiIxIn0=",
          "dependencies": [
            "aws_vpc.terraform-default-vpc-aws"
          ]
        }
      ]
    },
    {
      "mode": "managed",
      "type": "aws_security_group",
      "name": "terraform-db-sg-onpremise",
      "provider": "provider[\"registry.terraform.io/hashicorp/aws\"]",
      "instances": [
        {
          "schema_version": 1,
          "attributes": {
            "arn": "arn:aws:ec2:us-east-1:233812220516:security-group/sg-09f7b38bc7ae2b988",
            "description": "Managed by Terraform",
            "egress": [
              {
                "cidr_blocks": [
                  "0.0.0.0/0"
                ],
                "description": "",
                "from_port": 0,
                "ipv6_cidr_blocks": [],
                "prefix_list_ids": [],
                "protocol": "-1",
                "security_groups": [],
                "self": false,
                "to_port": 0
              }
            ],
            "id": "sg-09f7b38bc7ae2b988",
            "ingress": [
              {
                "cidr_blocks": [
                  "10.10.0.0/16"
                ],
                "description": "Allow all traffic from aws VPC",
                "from_port": 0,
                "ipv6_cidr_blocks": [],
                "prefix_list_ids": [],
                "protocol": "-1",
                "security_groups": [],
                "self": false,
                "to_port": 0
              }
            ],
            "name": "private-facing-db-sg-onpremise",
            "name_prefix": "",
            "owner_id": "233812220516",
            "revoke_rules_on_delete": false,
            "tags": {
              "Name": "terraform-private-facing-db-sg-onpremise"
            },
            "tags_all": {
              "Name": "terraform-private-facing-db-sg-onpremise"
            },
            "timeouts": null,
            "vpc_id": "vpc-0cdf7c2ee40ee47e1"
          },
          "sensitive_attributes": [],
          "identity_schema_version": 0,
          "private": "eyJlMmJmYjczMC1lY2FhLTExZTYtOGY4OC0zNDM2M2JjN2M0YzAiOnsiY3JlYXRlIjo2MDAwMDAwMDAwMDAsImRlbGV0ZSI6OTAwMDAwMDAwMDAwfSwic2NoZW1hX3ZlcnNpb24iOiIxIn0=",
          "dependencies": [
            "aws_vpc.terraform-default-vpc-aws",
            "aws_vpc.terraform-default-vpc-onpremise"
          ]
        }
      ]
    },
    {
      "mode": "managed",
      "type": "aws_security_group",
      "name": "terraform-public-facing-db-sg-aws",
      "provider": "provider[\"registry.terraform.io/hashicorp/aws\"]",
      "instances": [
        {
          "schema_version": 1,
          "attributes": {
            "arn": "arn:aws:ec2:us-east-1:233812220516:security-group/sg-0a2bf1f2ad0e1dacd",
            "description": "Managed by Terraform",
            "egress": [
              {
                "cidr_blocks": [
                  "0.0.0.0/0"
                ],
                "description": "",
                "from_port": 0,
                "ipv6_cidr_blocks": [],
                "prefix_list_ids": [],
                "protocol": "-1",
                "security_groups": [],
                "self": false,
                "to_port": 0
              }
            ],
            "id": "sg-0a2bf1f2ad0e1dacd",
            "ingress": [
              {
                "cidr_blocks": [
                  "10.10.1.0/24"
                ],
                "description": "Allow ICMP from aws public subnet",
                "from_port": -1,
                "ipv6_cidr_blocks": [],
                "prefix_list_ids": [],
                "protocol": "icmp",
                "security_groups": [],
                "self": false,
                "to_port": -1
              },
              {
                "cidr_blocks": [
                  "10.10.1.0/24"
                ],
                "description": "Allow RDP from aws public subnet",
                "from_port": 3389,
                "ipv6_cidr_blocks": [],
                "prefix_list_ids": [],
                "protocol": "tcp",
                "security_groups": [],
                "self": false,
                "to_port": 3389
              },
              {
                "cidr_blocks": [
                  "172.16.0.0/16"
                ],
                "description": "Allow HTTPS from onpremise VPC for SSM",
                "from_port": 443,
                "ipv6_cidr_blocks": [],
                "prefix_list_ids": [],
                "protocol": "tcp",
                "security_groups": [],
                "self": false,
                "to_port": 443
              }
            ],
            "name": "public-facing-db-sg-aws",
            "name_prefix": "",
            "owner_id": "233812220516",
            "revoke_rules_on_delete": false,
            "tags": {
              "Name": "terraform-public-facing-db-sg-aws"
            },
            "tags_all": {
              "Name": "terraform-public-facing-db-sg-aws"
            },
            "timeouts": null,
            "vpc_id": "vpc-0ff72c0771b9f9a0b"
          },
          "sensitive_attributes": [],
          "identity_schema_version": 0,
          "private": "eyJlMmJmYjczMC1lY2FhLTExZTYtOGY4OC0zNDM2M2JjN2M0YzAiOnsiY3JlYXRlIjo2MDAwMDAwMDAwMDAsImRlbGV0ZSI6OTAwMDAwMDAwMDAwfSwic2NoZW1hX3ZlcnNpb24iOiIxIn0=",
          "dependencies": [
            "aws_subnet.terraform-public-subnet-aws",
            "aws_vpc.terraform-default-vpc-aws",
            "aws_vpc.terraform-default-vpc-onpremise"
          ]
        }
      ]
    },
    {
      "mode": "managed",
      "type": "aws_security_group",
      "name": "terraform-public-facing-db-sg-onpremise",
      "provider": "provider[\"registry.terraform.io/hashicorp/aws\"]",
      "instances": [
        {
          "schema_version": 1,
          "attributes": {
            "arn": "arn:aws:ec2:us-east-1:233812220516:security-group/sg-0e21abc2b275a4cb2",
            "description": "Managed by Terraform",
            "egress": [
              {
                "cidr_blocks": [
                  "0.0.0.0/0"
                ],
                "description": "",
                "from_port": 0,
                "ipv6_cidr_blocks": [],
                "prefix_list_ids": [],
                "protocol": "-1",
                "security_groups": [],
                "self": false,
                "to_port": 0
              }
            ],
            "id": "sg-0e21abc2b275a4cb2",
            "ingress": [
              {
                "cidr_blocks": [
                  "0.0.0.0/0"
                ],
                "description": "",
                "from_port": 0,
                "ipv6_cidr_blocks": [],
                "prefix_list_ids": [],
                "protocol": "-1",
                "security_groups": [],
                "self": false,
                "to_port": 0
              }
            ],
            "name": "public-facing-db-sg-onpremise",
            "name_prefix": "",
            "owner_id": "233812220516",
            "revoke_rules_on_delete": false,
            "tags": {
              "Name": "terraform-public-facing-db-sg-onpremise"
            },
            "tags_all": {
              "Name": "terraform-public-facing-db-sg-onpremise"
            },
            "timeouts": null,
            "vpc_id": "vpc-0cdf7c2ee40ee47e1"
          },
          "sensitive_attributes": [],
          "identity_schema_version": 0,
          "private": "eyJlMmJmYjczMC1lY2FhLTExZTYtOGY4OC0zNDM2M2JjN2M0YzAiOnsiY3JlYXRlIjo2MDAwMDAwMDAwMDAsImRlbGV0ZSI6OTAwMDAwMDAwMDAwfSwic2NoZW1hX3ZlcnNpb24iOiIxIn0=",
          "dependencies": [
            "aws_vpc.terraform-default-vpc-onpremise"
          ]
        }
      ]
    },
    {
      "mode": "managed",
      "type": "aws_subnet",
      "name": "terraform-private-subnet-aws",
      "provider": "provider[\"registry.terraform.io/hashicorp/aws\"]",
      "instances": [
        {
          "schema_version": 1,
          "attributes": {
            "arn": "arn:aws:ec2:us-east-1:233812220516:subnet/subnet-019b48f9709f4b4d6",
            "assign_ipv6_address_on_creation": false,
            "availability_zone": "us-east-1a",
            "availability_zone_id": "use1-az1",
            "cidr_block": "10.10.2.0/24",
            "customer_owned_ipv4_pool": "",
            "enable_dns64": false,
            "enable_lni_at_device_index": 0,
            "enable_resource_name_dns_a_record_on_launch": false,
            "enable_resource_name_dns_aaaa_record_on_launch": false,
            "id": "subnet-019b48f9709f4b4d6",
            "ipv6_cidr_block": "",
            "ipv6_cidr_block_association_id": "",
            "ipv6_native": false,
            "map_customer_owned_ip_on_launch": false,
            "map_public_ip_on_launch": false,
            "outpost_arn": "",
            "owner_id": "233812220516",
            "private_dns_hostname_type_on_launch": "ip-name",
            "tags": {
              "Name": "terraform-private-subnet-aws-A"
            },
            "tags_all": {
              "Name": "terraform-private-subnet-aws-A"
            },
            "timeouts": null,
            "vpc_id": "vpc-0ff72c0771b9f9a0b"
          },
          "sensitive_attributes": [],
          "identity_schema_version": 0,
          "private": "eyJlMmJmYjczMC1lY2FhLTExZTYtOGY4OC0zNDM2M2JjN2M0YzAiOnsiY3JlYXRlIjo2MDAwMDAwMDAwMDAsImRlbGV0ZSI6MTIwMDAwMDAwMDAwMH0sInNjaGVtYV92ZXJzaW9uIjoiMSJ9",
          "dependencies": [
            "aws_vpc.terraform-default-vpc-aws"
          ]
        }
      ]
    },
    {
      "mode": "managed",
      "type": "aws_subnet",
      "name": "terraform-private-subnet-onpremise",
      "provider": "provider[\"registry.terraform.io/hashicorp/aws\"]",
      "instances": [
        {
          "schema_version": 1,
          "attributes": {
            "arn": "arn:aws:ec2:us-east-1:233812220516:subnet/subnet-01cac8724f1642a31",
            "assign_ipv6_address_on_creation": false,
            "availability_zone": "us-east-1b",
            "availability_zone_id": "use1-az2",
            "cidr_block": "172.16.2.0/24",
            "customer_owned_ipv4_pool": "",
            "enable_dns64": false,
            "enable_lni_at_device_index": 0,
            "enable_resource_name_dns_a_record_on_launch": false,
            "enable_resource_name_dns_aaaa_record_on_launch": false,
            "id": "subnet-01cac8724f1642a31",
            "ipv6_cidr_block": "",
            "ipv6_cidr_block_association_id": "",
            "ipv6_native": false,
            "map_customer_owned_ip_on_launch": false,
            "map_public_ip_on_launch": false,
            "outpost_arn": "",
            "owner_id": "233812220516",
            "private_dns_hostname_type_on_launch": "ip-name",
            "tags": {
              "Name": "terraform-private-subnet-onpremise-B"
            },
            "tags_all": {
              "Name": "terraform-private-subnet-onpremise-B"
            },
            "timeouts": null,
            "vpc_id": "vpc-0cdf7c2ee40ee47e1"
          },
          "sensitive_attributes": [],
          "identity_schema_version": 0,
          "private": "eyJlMmJmYjczMC1lY2FhLTExZTYtOGY4OC0zNDM2M2JjN2M0YzAiOnsiY3JlYXRlIjo2MDAwMDAwMDAwMDAsImRlbGV0ZSI6MTIwMDAwMDAwMDAwMH0sInNjaGVtYV92ZXJzaW9uIjoiMSJ9",
          "dependencies": [
            "aws_vpc.terraform-default-vpc-onpremise"
          ]
        }
      ]
    },
    {
      "mode": "managed",
      "type": "aws_subnet",
      "name": "terraform-public-subnet-aws",
      "provider": "provider[\"registry.terraform.io/hashicorp/aws\"]",
      "instances": [
        {
          "schema_version": 1,
          "attributes": {
            "arn": "arn:aws:ec2:us-east-1:233812220516:subnet/subnet-0b48ef0e38acefbcd",
            "assign_ipv6_address_on_creation": false,
            "availability_zone": "us-east-1a",
            "availability_zone_id": "use1-az1",
            "cidr_block": "10.10.1.0/24",
            "customer_owned_ipv4_pool": "",
            "enable_dns64": false,
            "enable_lni_at_device_index": 0,
            "enable_resource_name_dns_a_record_on_launch": false,
            "enable_resource_name_dns_aaaa_record_on_launch": false,
            "id": "subnet-0b48ef0e38acefbcd",
            "ipv6_cidr_block": "",
            "ipv6_cidr_block_association_id": "",
            "ipv6_native": false,
            "map_customer_owned_ip_on_launch": false,
            "map_public_ip_on_launch": false,
            "outpost_arn": "",
            "owner_id": "233812220516",
            "private_dns_hostname_type_on_launch": "ip-name",
            "tags": {
              "Name": "terraform-public-subnet-aws-A"
            },
            "tags_all": {
              "Name": "terraform-public-subnet-aws-A"
            },
            "timeouts": null,
            "vpc_id": "vpc-0ff72c0771b9f9a0b"
          },
          "sensitive_attributes": [],
          "identity_schema_version": 0,
          "private": "eyJlMmJmYjczMC1lY2FhLTExZTYtOGY4OC0zNDM2M2JjN2M0YzAiOnsiY3JlYXRlIjo2MDAwMDAwMDAwMDAsImRlbGV0ZSI6MTIwMDAwMDAwMDAwMH0sInNjaGVtYV92ZXJzaW9uIjoiMSJ9",
          "dependencies": [
            "aws_vpc.terraform-default-vpc-aws"
          ]
        }
      ]
    },
    {
      "mode": "managed",
      "type": "aws_subnet",
      "name": "terraform-public-subnet-onpremise",
      "provider": "provider[\"registry.terraform.io/hashicorp/aws\"]",
      "instances": [
        {
          "schema_version": 1,
          "attributes": {
            "arn": "arn:aws:ec2:us-east-1:233812220516:subnet/subnet-05afe734bdb34d5dc",
            "assign_ipv6_address_on_creation": false,
            "availability_zone": "us-east-1b",
            "availability_zone_id": "use1-az2",
            "cidr_block": "172.16.1.0/24",
            "customer_owned_ipv4_pool": "",
            "enable_dns64": false,
            "enable_lni_at_device_index": 0,
            "enable_resource_name_dns_a_record_on_launch": false,
            "enable_resource_name_dns_aaaa_record_on_launch": false,
            "id": "subnet-05afe734bdb34d5dc",
            "ipv6_cidr_block": "",
            "ipv6_cidr_block_association_id": "",
            "ipv6_native": false,
            "map_customer_owned_ip_on_launch": false,
            "map_public_ip_on_launch": false,
            "outpost_arn": "",
            "owner_id": "233812220516",
            "private_dns_hostname_type_on_launch": "ip-name",
            "tags": {
              "Name": "terraform-public-subnet-onpremise-B"
            },
            "tags_all": {
              "Name": "terraform-public-subnet-onpremise-B"
            },
            "timeouts": null,
            "vpc_id": "vpc-0cdf7c2ee40ee47e1"
          },
          "sensitive_attributes": [],
          "identity_schema_version": 0,
          "private": "eyJlMmJmYjczMC1lY2FhLTExZTYtOGY4OC0zNDM2M2JjN2M0YzAiOnsiY3JlYXRlIjo2MDAwMDAwMDAwMDAsImRlbGV0ZSI6MTIwMDAwMDAwMDAwMH0sInNjaGVtYV92ZXJzaW9uIjoiMSJ9",
          "dependencies": [
            "aws_vpc.terraform-default-vpc-onpremise"
          ]
        }
      ]
    },
    {
      "mode": "managed",
      "type": "aws_vpc",
      "name": "terraform-default-vpc-aws",
      "provider": "provider[\"registry.terraform.io/hashicorp/aws\"]",
      "instances": [
        {
          "schema_version": 1,
          "attributes": {
            "arn": "arn:aws:ec2:us-east-1:233812220516:vpc/vpc-0ff72c0771b9f9a0b",
            "assign_generated_ipv6_cidr_block": false,
            "cidr_block": "10.10.0.0/16",
            "default_network_acl_id": "acl-03781d8a118f6c746",
            "default_route_table_id": "rtb-0b8385f1810422b3f",
            "default_security_group_id": "sg-0958a9e211d097978",
            "dhcp_options_id": "dopt-006ba0e931a575e3b",
            "enable_dns_hostnames": true,
            "enable_dns_support": true,
            "enable_network_address_usage_metrics": false,
            "id": "vpc-0ff72c0771b9f9a0b",
            "instance_tenancy": "default",
            "ipv4_ipam_pool_id": null,
            "ipv4_netmask_length": null,
            "ipv6_association_id": "",
            "ipv6_cidr_block": "",
            "ipv6_cidr_block_network_border_group": "",
            "ipv6_ipam_pool_id": "",
            "ipv6_netmask_length": 0,
            "main_route_table_id": "rtb-0b8385f1810422b3f",
            "owner_id": "233812220516",
            "tags": {
              "Name": "learn-terraform-vpc-aws"
            },
            "tags_all": {
              "Name": "learn-terraform-vpc-aws"
            }
          },
          "sensitive_attributes": [],
          "identity_schema_version": 0,
          "private": "eyJzY2hlbWFfdmVyc2lvbiI6IjEifQ=="
        }
      ]
    },
    {
      "mode": "managed",
      "type": "aws_vpc",
      "name": "terraform-default-vpc-onpremise",
      "provider": "provider[\"registry.terraform.io/hashicorp/aws\"]",
      "instances": [
        {
          "schema_version": 1,
          "attributes": {
            "arn": "arn:aws:ec2:us-east-1:233812220516:vpc/vpc-0cdf7c2ee40ee47e1",
            "assign_generated_ipv6_cidr_block": false,
            "cidr_block": "172.16.0.0/16",
            "default_network_acl_id": "acl-06bc84e445cc149f0",
            "default_route_table_id": "rtb-05de1a55a5ce37266",
            "default_security_group_id": "sg-0f24b8ec208d55121",
            "dhcp_options_id": "dopt-006ba0e931a575e3b",
            "enable_dns_hostnames": true,
            "enable_dns_support": true,
            "enable_network_address_usage_metrics": false,
            "id": "vpc-0cdf7c2ee40ee47e1",
            "instance_tenancy": "default",
            "ipv4_ipam_pool_id": null,
            "ipv4_netmask_length": null,
            "ipv6_association_id": "",
            "ipv6_cidr_block": "",
            "ipv6_cidr_block_network_border_group": "",
            "ipv6_ipam_pool_id": "",
            "ipv6_netmask_length": 0,
            "main_route_table_id": "rtb-05de1a55a5ce37266",
            "owner_id": "233812220516",
            "tags": {
              "Name": "learn-terraform-vpc-onpremise"
            },
            "tags_all": {
              "Name": "learn-terraform-vpc-onpremise"
            }
          },
          "sensitive_attributes": [],
          "identity_schema_version": 0,
          "private": "eyJzY2hlbWFfdmVyc2lvbiI6IjEifQ=="
        }
      ]
    }
  ],
  "check_results": null
}
